
Microsoft Visual Studio Solution File, Format Version 12.00
# Visual Studio Version 17
VisualStudioVersion = 17.14.36119.2
MinimumVisualStudioVersion = 10.0.40219.1
Project("{9A19103F-16F7-4668-BE54-9A1E7A4F7556}") = "Rsse.Service", "src\Rsse.Service\Rsse.Service.csproj", "{57F9C100-FA1B-4DD0-A816-0196B48EBD71}"
EndProject
Project("{FAE04EC0-301F-11D3-BF4B-00C04F79EFBC}") = "Rsse.Tests", "tests\Rsse.Tests\Rsse.Tests.csproj", "{F06299B5-A78B-4FD9-BCD3-DD53BA78424E}"
EndProject
Project("{FAE04EC0-301F-11D3-BF4B-00C04F79EFBC}") = "Rsse.Data", "src\Rsse.Data\Rsse.Data.csproj", "{E5FA90BD-FED6-4E11-9F35-10808BA33FF1}"
EndProject
Project("{FAE04EC0-301F-11D3-BF4B-00C04F79EFBC}") = "Rsse.Domain", "src\Rsse.Domain\Rsse.Domain.csproj", "{C6EAC129-D474-41DB-89AF-BA1A208A84AB}"
EndProject
Project("{2150E333-8FDC-42A3-9474-1A3956D46DE8}") = "src", "src", "{AA4EF658-DA2E-4C04-AE32-6D2576462FCA}"
EndProject
Project("{2150E333-8FDC-42A3-9474-1A3956D46DE8}") = "tests", "tests", "{C685C254-6FDC-47DB-B1FD-3E9DF75688B3}"
EndProject
Project("{2150E333-8FDC-42A3-9474-1A3956D46DE8}") = ".common", ".common", "{307CC769-2E8D-4951-A185-1F260C962A19}"
	ProjectSection(SolutionItems) = preProject
		.editorconfig = .editorconfig
		CHANGELOG.md = CHANGELOG.md
		Directory.Build.props = Directory.Build.props
		src\Directory.Packages.props = src\Directory.Packages.props
		tests\Directory.Packages.props = tests\Directory.Packages.props
		src\Rsse.Service\Properties\launchSettings.json = src\Rsse.Service\Properties\launchSettings.json
		README.md = README.md
		ROADMAP.md = ROADMAP.md
		.common\rsse.api.v6.0.json = .common\rsse.api.v6.0.json
		.common\scripts.docker.md = .common\scripts.docker.md
		.common\scripts.k3s.bash = .common\scripts.k3s.bash
		.common\ssl.update.md = .common\ssl.update.md
	EndProjectSection
EndProject
Project("{2150E333-8FDC-42A3-9474-1A3956D46DE8}") = "client.jsx", "client.jsx", "{F63409DD-059D-445B-95EA-897A6333935C}"
	ProjectSection(SolutionItems) = preProject
		src\Rsse.Client\ClientApp\src\jsx\components\catalog.container.tsx = src\Rsse.Client\ClientApp\src\jsx\components\catalog.container.tsx
		src\Rsse.Client\ClientApp\src\jsx\components\create.container.tsx = src\Rsse.Client\ClientApp\src\jsx\components\create.container.tsx
		src\Rsse.Client\ClientApp\src\index.tsx = src\Rsse.Client\ClientApp\src\index.tsx
		src\Rsse.Client\ClientApp\src\jsx\common\loader.tsx = src\Rsse.Client\ClientApp\src\jsx\common\loader.tsx
		src\Rsse.Client\ClientApp\src\jsx\components\login.container.tsx = src\Rsse.Client\ClientApp\src\jsx\components\login.container.tsx
		src\Rsse.Client\ClientApp\src\jsx\components\menu.component.tsx = src\Rsse.Client\ClientApp\src\jsx\components\menu.component.tsx
		src\Rsse.Client\ClientApp\src\jsx\components\read.container.tsx = src\Rsse.Client\ClientApp\src\jsx\components\read.container.tsx
		src\Rsse.Client\ClientApp\src\jsx\components\update.container.tsx = src\Rsse.Client\ClientApp\src\jsx\components\update.container.tsx
	EndProjectSection
EndProject
Project("{2150E333-8FDC-42A3-9474-1A3956D46DE8}") = "client.scripts", "client.scripts", "{40D75148-337E-4545-94AB-2D06AB6F27E9}"
	ProjectSection(SolutionItems) = preProject
		src\Rsse.Client\build.bat = src\Rsse.Client\build.bat
		src\Rsse.Client\install.bat = src\Rsse.Client\install.bat
		src\Rsse.Client\start.bat = src\Rsse.Client\start.bat
	EndProjectSection
EndProject
Project("{2150E333-8FDC-42A3-9474-1A3956D46DE8}") = ".workflow", ".workflow", "{783F77EB-C548-44FA-9E9C-03B9185033F1}"
	ProjectSection(SolutionItems) = preProject
		.github\workflows\cd.deploy.k3s.yml = .github\workflows\cd.deploy.k3s.yml
		.github\workflows\cd.deploy.server.yml = .github\workflows\cd.deploy.server.yml
		.github\workflows\ci.docker.build.yml = .github\workflows\ci.docker.build.yml
		.github\workflows\ci.docker.publish.yml = .github\workflows\ci.docker.publish.yml
		.github\workflows\ci.dotnet.build.yml = .github\workflows\ci.dotnet.build.yml
		.github\workflows\ci.node.js.build.yml = .github\workflows\ci.node.js.build.yml
		.github\workflows\ci.docker.publish.v2.yml = .github\workflows\ci.docker.publish.v2.yml
		.github\workflows\ci.docker.build.v2.yml = .github\workflows\ci.docker.build.v2.yml
		.github\workflows\cd.deploy.k3s.v2.yml = .github\workflows\cd.deploy.k3s.v2.yml
	EndProjectSection
EndProject
Project("{2150E333-8FDC-42A3-9474-1A3956D46DE8}") = "client.css", "client.css", "{728C8EBA-C5A7-41CE-B3A9-69A87D5B5D2D}"
	ProjectSection(SolutionItems) = preProject
		src\Rsse.Client\ClientApp\src\bootstrap.css = src\Rsse.Client\ClientApp\src\bootstrap.css
		src\Rsse.Client\ClientApp\src\react.css = src\Rsse.Client\ClientApp\src\react.css
	EndProjectSection
EndProject
Project("{2150E333-8FDC-42A3-9474-1A3956D46DE8}") = "client.config", "client.config", "{4FD34D03-D220-4406-AAC5-846D83DBFB73}"
	ProjectSection(SolutionItems) = preProject
		src\Rsse.Client\ClientApp\.eslintrc.cjs = src\Rsse.Client\ClientApp\.eslintrc.cjs
		src\Rsse.Client\ClientApp\src\jsx\.eslintrc.json = src\Rsse.Client\ClientApp\src\jsx\.eslintrc.json
		src\Rsse.Client\ClientApp\package-lock.json = src\Rsse.Client\ClientApp\package-lock.json
		src\Rsse.Client\ClientApp\package.json = src\Rsse.Client\ClientApp\package.json
		src\Rsse.Client\ClientApp\tsconfig.json = src\Rsse.Client\ClientApp\tsconfig.json
		src\Rsse.Client\ClientApp\tsconfig.node.json = src\Rsse.Client\ClientApp\tsconfig.node.json
		src\Rsse.Client\ClientApp\vite.config.ts = src\Rsse.Client\ClientApp\vite.config.ts
	EndProjectSection
EndProject
Project("{2150E333-8FDC-42A3-9474-1A3956D46DE8}") = ".client.js", ".client.js", "{AA1D7723-7C28-4EC4-8E9B-4E65D5ECDA7B}"
EndProject
Project("{2150E333-8FDC-42A3-9474-1A3956D46DE8}") = ".docker", ".docker", "{57BE091A-8698-4755-85D8-0BCCDAC427A1}"
	ProjectSection(SolutionItems) = preProject
		src\.dockerignore = src\.dockerignore
		src\docker-compose-build.yml = src\docker-compose-build.yml
		src\docker-compose-latest.yml = src\docker-compose-latest.yml
		src\Dockerfile-net = src\Dockerfile-net
		src\Dockerfile-net-react = src\Dockerfile-net-react
		src\otel-docker-config.yaml = src\otel-docker-config.yaml
		src\Dockerfile.net.v2 = src\Dockerfile.net.v2
		src\Dockerfile.net.react.v2 = src\Dockerfile.net.react.v2
	EndProjectSection
EndProject
Project("{FAE04EC0-301F-11D3-BF4B-00C04F79EFBC}") = "Rsse.Client", "src\Rsse.Client\ClientApp\Rsse.Client.csproj", "{069738D5-AFF8-431B-ADDB-B1C8F79E3E39}"
EndProject
Project("{2150E333-8FDC-42A3-9474-1A3956D46DE8}") = ".k3s", ".k3s", "{637065C8-AFC8-4031-95FC-F4976BB8A0F9}"
	ProjectSection(SolutionItems) = preProject
		.k3s\configmap.mysql.cnf = .k3s\configmap.mysql.cnf
		.k3s\deployment.rsse.pvc.v2.yml = .k3s\deployment.rsse.pvc.v2.yml
		.k3s\deployment.rsse.pvc.yml = .k3s\deployment.rsse.pvc.yml
		.k3s\deployment.rsse.yml = .k3s\deployment.rsse.yml
		.k3s\ingress.traefik.ip.yml = .k3s\ingress.traefik.ip.yml
		.k3s\ingress.traefik.ru.yml = .k3s\ingress.traefik.ru.yml
		.k3s\kustomization.yaml = .k3s\kustomization.yaml
		.k3s\otel.collector.metrics.yml = .k3s\otel.collector.metrics.yml
		.k3s\otel.collector.otlp.v2.yml = .k3s\otel.collector.otlp.v2.yml
		.k3s\pvc.k3s.yml = .k3s\pvc.k3s.yml
		.k3s\resource.mysql.yml = .k3s\resource.mysql.yml
		.k3s\resource.postgres.yml = .k3s\resource.postgres.yml
		.k3s\service.rsse.yml = .k3s\service.rsse.yml
		.k3s\deployment.rsse.pvc.v3.yml = .k3s\deployment.rsse.pvc.v3.yml
		.k3s\ingress.traefik.ru.https.yml = .k3s\ingress.traefik.ru.https.yml
		.k3s\ingress.traefik.ru.redirect.yml = .k3s\ingress.traefik.ru.redirect.yml
		.k3s\sa-metrics.yml = .k3s\sa-metrics.yml
		.k3s\otel.collector.otlp.v3.yml = .k3s\otel.collector.otlp.v3.yml
	EndProjectSection
EndProject
Project("{2150E333-8FDC-42A3-9474-1A3956D46DE8}") = ".drafts", ".drafts", "{BCD5C309-5EAC-4FA1-B877-7C415C0BD1C9}"
	ProjectSection(SolutionItems) = preProject
		.common\.drafts\ingress.traefik.one.yml = .common\.drafts\ingress.traefik.one.yml
		.common\.drafts\ingress.traefik.two.yml = .common\.drafts\ingress.traefik.two.yml
		src\OTEL_DIAGNOSTICS.json = src\OTEL_DIAGNOSTICS.json
	EndProjectSection
EndProject
Project("{FAE04EC0-301F-11D3-BF4B-00C04F79EFBC}") = "Rsse.Generator", "src\Rsse.Generator\Rsse.Generator.csproj", "{7E56FDDB-DAF3-4FB2-B528-2D1EB1B755B4}"
EndProject
Project("{FAE04EC0-301F-11D3-BF4B-00C04F79EFBC}") = "Rsse.Integration.Tests", "tests\Rsse.Integration.Tests\Rsse.Integration.Tests.csproj", "{A2B19EB3-3C5A-4730-B6CE-4FA513B6E961}"
EndProject
Project("{FAE04EC0-301F-11D3-BF4B-00C04F79EFBC}") = "Rsse.Benchmarks", "tests\Rsse.Benchmarks\Rsse.Benchmarks.csproj", "{A9D148B4-ACE5-45B3-9F86-0733497BBA0B}"
EndProject
Project("{FAE04EC0-301F-11D3-BF4B-00C04F79EFBC}") = "Rsse.Engine.VectorSearch", "src\Rsse.Engine.VectorSearch\Rsse.Engine.VectorSearch.csproj", "{DED7D097-237F-D021-A6BB-A6E7EDE56101}"
EndProject
Project("{FAE04EC0-301F-11D3-BF4B-00C04F79EFBC}") = "Rsse.Engine.Tokenizer", "src\Rsse.Engine.Tokenizer\Rsse.Engine.Tokenizer.csproj", "{30D48870-9CBB-4466-A78F-9FFF64318EE9}"
EndProject
Project("{FAE04EC0-301F-11D3-BF4B-00C04F79EFBC}") = "Rsse.Tests.Common", "tests\Rsse.Tests.Common\Rsse.Tests.Common.csproj", "{3EFEA2F0-663D-4DB7-B649-DA3A7E01CC0B}"
EndProject
Project("{FAE04EC0-301F-11D3-BF4B-00C04F79EFBC}") = "Rsse.LoadTest", "tests\Rsse.LoadTest\Rsse.LoadTest.csproj", "{C5C35930-5C00-4386-BCF9-394E7C0D1F0D}"
EndProject
Global
	GlobalSection(SolutionConfigurationPlatforms) = preSolution
		Debug|x64 = Debug|x64
		Release|x64 = Release|x64
	EndGlobalSection
	GlobalSection(ProjectConfigurationPlatforms) = postSolution
		{57F9C100-FA1B-4DD0-A816-0196B48EBD71}.Debug|x64.ActiveCfg = Debug|x64
		{57F9C100-FA1B-4DD0-A816-0196B48EBD71}.Debug|x64.Build.0 = Debug|x64
		{57F9C100-FA1B-4DD0-A816-0196B48EBD71}.Release|x64.ActiveCfg = Release|x64
		{57F9C100-FA1B-4DD0-A816-0196B48EBD71}.Release|x64.Build.0 = Release|x64
		{F06299B5-A78B-4FD9-BCD3-DD53BA78424E}.Debug|x64.ActiveCfg = Debug|x64
		{F06299B5-A78B-4FD9-BCD3-DD53BA78424E}.Debug|x64.Build.0 = Debug|x64
		{F06299B5-A78B-4FD9-BCD3-DD53BA78424E}.Release|x64.ActiveCfg = Release|x64
		{F06299B5-A78B-4FD9-BCD3-DD53BA78424E}.Release|x64.Build.0 = Release|x64
		{E5FA90BD-FED6-4E11-9F35-10808BA33FF1}.Debug|x64.ActiveCfg = Debug|x64
		{E5FA90BD-FED6-4E11-9F35-10808BA33FF1}.Debug|x64.Build.0 = Debug|x64
		{E5FA90BD-FED6-4E11-9F35-10808BA33FF1}.Release|x64.ActiveCfg = Release|x64
		{E5FA90BD-FED6-4E11-9F35-10808BA33FF1}.Release|x64.Build.0 = Release|x64
		{C6EAC129-D474-41DB-89AF-BA1A208A84AB}.Debug|x64.ActiveCfg = Debug|x64
		{C6EAC129-D474-41DB-89AF-BA1A208A84AB}.Debug|x64.Build.0 = Debug|x64
		{C6EAC129-D474-41DB-89AF-BA1A208A84AB}.Release|x64.ActiveCfg = Release|x64
		{C6EAC129-D474-41DB-89AF-BA1A208A84AB}.Release|x64.Build.0 = Release|x64
		{069738D5-AFF8-431B-ADDB-B1C8F79E3E39}.Debug|x64.ActiveCfg = Debug|x64
		{069738D5-AFF8-431B-ADDB-B1C8F79E3E39}.Debug|x64.Build.0 = Debug|x64
		{069738D5-AFF8-431B-ADDB-B1C8F79E3E39}.Release|x64.ActiveCfg = Release|x64
		{069738D5-AFF8-431B-ADDB-B1C8F79E3E39}.Release|x64.Build.0 = Release|x64
		{7E56FDDB-DAF3-4FB2-B528-2D1EB1B755B4}.Debug|x64.ActiveCfg = Debug|x64
		{7E56FDDB-DAF3-4FB2-B528-2D1EB1B755B4}.Debug|x64.Build.0 = Debug|x64
		{7E56FDDB-DAF3-4FB2-B528-2D1EB1B755B4}.Release|x64.ActiveCfg = Release|x64
		{7E56FDDB-DAF3-4FB2-B528-2D1EB1B755B4}.Release|x64.Build.0 = Release|x64
		{A2B19EB3-3C5A-4730-B6CE-4FA513B6E961}.Debug|x64.ActiveCfg = Debug|x64
		{A2B19EB3-3C5A-4730-B6CE-4FA513B6E961}.Debug|x64.Build.0 = Debug|x64
		{A2B19EB3-3C5A-4730-B6CE-4FA513B6E961}.Release|x64.ActiveCfg = Release|x64
		{A2B19EB3-3C5A-4730-B6CE-4FA513B6E961}.Release|x64.Build.0 = Release|x64
		{A9D148B4-ACE5-45B3-9F86-0733497BBA0B}.Debug|x64.ActiveCfg = Debug|x64
		{A9D148B4-ACE5-45B3-9F86-0733497BBA0B}.Debug|x64.Build.0 = Debug|x64
		{A9D148B4-ACE5-45B3-9F86-0733497BBA0B}.Release|x64.ActiveCfg = Release|x64
		{A9D148B4-ACE5-45B3-9F86-0733497BBA0B}.Release|x64.Build.0 = Release|x64
		{DED7D097-237F-D021-A6BB-A6E7EDE56101}.Debug|x64.ActiveCfg = Debug|x64
		{DED7D097-237F-D021-A6BB-A6E7EDE56101}.Debug|x64.Build.0 = Debug|x64
		{DED7D097-237F-D021-A6BB-A6E7EDE56101}.Release|x64.ActiveCfg = Release|x64
		{DED7D097-237F-D021-A6BB-A6E7EDE56101}.Release|x64.Build.0 = Release|x64
		{30D48870-9CBB-4466-A78F-9FFF64318EE9}.Debug|x64.ActiveCfg = Debug|x64
		{30D48870-9CBB-4466-A78F-9FFF64318EE9}.Debug|x64.Build.0 = Debug|x64
		{30D48870-9CBB-4466-A78F-9FFF64318EE9}.Release|x64.ActiveCfg = Release|x64
		{30D48870-9CBB-4466-A78F-9FFF64318EE9}.Release|x64.Build.0 = Release|x64
		{3EFEA2F0-663D-4DB7-B649-DA3A7E01CC0B}.Debug|x64.ActiveCfg = Debug|x64
		{3EFEA2F0-663D-4DB7-B649-DA3A7E01CC0B}.Debug|x64.Build.0 = Debug|x64
		{3EFEA2F0-663D-4DB7-B649-DA3A7E01CC0B}.Release|x64.ActiveCfg = Release|x64
		{3EFEA2F0-663D-4DB7-B649-DA3A7E01CC0B}.Release|x64.Build.0 = Release|x64
		{C5C35930-5C00-4386-BCF9-394E7C0D1F0D}.Debug|x64.ActiveCfg = Debug|x64
		{C5C35930-5C00-4386-BCF9-394E7C0D1F0D}.Debug|x64.Build.0 = Debug|x64
		{C5C35930-5C00-4386-BCF9-394E7C0D1F0D}.Release|x64.ActiveCfg = Release|x64
		{C5C35930-5C00-4386-BCF9-394E7C0D1F0D}.Release|x64.Build.0 = Release|x64
	EndGlobalSection
	GlobalSection(SolutionProperties) = preSolution
		HideSolutionNode = FALSE
	EndGlobalSection
	GlobalSection(NestedProjects) = preSolution
		{57F9C100-FA1B-4DD0-A816-0196B48EBD71} = {AA4EF658-DA2E-4C04-AE32-6D2576462FCA}
		{F06299B5-A78B-4FD9-BCD3-DD53BA78424E} = {C685C254-6FDC-47DB-B1FD-3E9DF75688B3}
		{E5FA90BD-FED6-4E11-9F35-10808BA33FF1} = {AA4EF658-DA2E-4C04-AE32-6D2576462FCA}
		{C6EAC129-D474-41DB-89AF-BA1A208A84AB} = {AA4EF658-DA2E-4C04-AE32-6D2576462FCA}
		{F63409DD-059D-445B-95EA-897A6333935C} = {AA1D7723-7C28-4EC4-8E9B-4E65D5ECDA7B}
		{40D75148-337E-4545-94AB-2D06AB6F27E9} = {AA1D7723-7C28-4EC4-8E9B-4E65D5ECDA7B}
		{728C8EBA-C5A7-41CE-B3A9-69A87D5B5D2D} = {AA1D7723-7C28-4EC4-8E9B-4E65D5ECDA7B}
		{4FD34D03-D220-4406-AAC5-846D83DBFB73} = {AA1D7723-7C28-4EC4-8E9B-4E65D5ECDA7B}
		{069738D5-AFF8-431B-ADDB-B1C8F79E3E39} = {AA4EF658-DA2E-4C04-AE32-6D2576462FCA}
		{7E56FDDB-DAF3-4FB2-B528-2D1EB1B755B4} = {AA4EF658-DA2E-4C04-AE32-6D2576462FCA}
		{A2B19EB3-3C5A-4730-B6CE-4FA513B6E961} = {C685C254-6FDC-47DB-B1FD-3E9DF75688B3}
		{A9D148B4-ACE5-45B3-9F86-0733497BBA0B} = {C685C254-6FDC-47DB-B1FD-3E9DF75688B3}
		{DED7D097-237F-D021-A6BB-A6E7EDE56101} = {AA4EF658-DA2E-4C04-AE32-6D2576462FCA}
		{30D48870-9CBB-4466-A78F-9FFF64318EE9} = {AA4EF658-DA2E-4C04-AE32-6D2576462FCA}
		{3EFEA2F0-663D-4DB7-B649-DA3A7E01CC0B} = {C685C254-6FDC-47DB-B1FD-3E9DF75688B3}
		{C5C35930-5C00-4386-BCF9-394E7C0D1F0D} = {C685C254-6FDC-47DB-B1FD-3E9DF75688B3}
	EndGlobalSection
	GlobalSection(ExtensibilityGlobals) = postSolution
		SolutionGuid = {0BCBAEC4-7C63-49C7-A34C-99E073B3A6DC}
	EndGlobalSection
EndGlobal
